// !$*UTF8*$!
{
	archiveVersion = 1;
	classes = {
	};
	objectVersion = 50;
	objects = {

/* Begin PBXBuildFile section */
		B073C31F2531129D005C4689 /* AppDelegate.swift in Sources */ = {isa = PBXBuildFile; fileRef = B073C31E2531129D005C4689 /* AppDelegate.swift */; };
		B073C3212531129D005C4689 /* SceneDelegate.swift in Sources */ = {isa = PBXBuildFile; fileRef = B073C3202531129D005C4689 /* SceneDelegate.swift */; };
		B073C3232531129D005C4689 /* ViewController.swift in Sources */ = {isa = PBXBuildFile; fileRef = B073C3222531129D005C4689 /* ViewController.swift */; };
		B073C3262531129D005C4689 /* Main.storyboard in Resources */ = {isa = PBXBuildFile; fileRef = B073C3242531129D005C4689 /* Main.storyboard */; };
		B073C328253112A2005C4689 /* Assets.xcassets in Resources */ = {isa = PBXBuildFile; fileRef = B073C327253112A2005C4689 /* Assets.xcassets */; };
		B073C32B253112A2005C4689 /* LaunchScreen.storyboard in Resources */ = {isa = PBXBuildFile; fileRef = B073C329253112A2005C4689 /* LaunchScreen.storyboard */; };
		EF5E759C8BD6B79B5EB8F8D8 /* Hotel.swift in Sources */ = {isa = PBXBuildFile; fileRef = EF5E7D55869C8C4FAA44C5F2 /* Hotel.swift */; };
		EF5E75CB681FCDC01C5E8751 /* ReservasProtocols.swift in Sources */ = {isa = PBXBuildFile; fileRef = EF5E72F6CA25040276DDC485 /* ReservasProtocols.swift */; };
		EF5E7DFA311D611E5ECE0156 /* Reservation.swift in Sources */ = {isa = PBXBuildFile; fileRef = EF5E7111EF23CDB9AA160C05 /* Reservation.swift */; };
/* End PBXBuildFile section */

/* Begin PBXFileReference section */
		B073C31B2531129D005C4689 /* ReservaDeHotel.app */ = {isa = PBXFileReference; explicitFileType = wrapper.application; includeInIndex = 0; path = ReservaDeHotel.app; sourceTree = BUILT_PRODUCTS_DIR; };
		B073C31E2531129D005C4689 /* AppDelegate.swift */ = {isa = PBXFileReference; lastKnownFileType = sourcecode.swift; path = AppDelegate.swift; sourceTree = "<group>"; };
		B073C3202531129D005C4689 /* SceneDelegate.swift */ = {isa = PBXFileReference; lastKnownFileType = sourcecode.swift; path = SceneDelegate.swift; sourceTree = "<group>"; };
		B073C3222531129D005C4689 /* ViewController.swift */ = {isa = PBXFileReference; lastKnownFileType = sourcecode.swift; path = ViewController.swift; sourceTree = "<group>"; };
		B073C3252531129D005C4689 /* Base */ = {isa = PBXFileReference; lastKnownFileType = file.storyboard; name = Base; path = Base.lproj/Main.storyboard; sourceTree = "<group>"; };
		B073C327253112A2005C4689 /* Assets.xcassets */ = {isa = PBXFileReference; lastKnownFileType = folder.assetcatalog; path = Assets.xcassets; sourceTree = "<group>"; };
		B073C32A253112A2005C4689 /* Base */ = {isa = PBXFileReference; lastKnownFileType = file.storyboard; name = Base; path = Base.lproj/LaunchScreen.storyboard; sourceTree = "<group>"; };
		B073C32C253112A2005C4689 /* Info.plist */ = {isa = PBXFileReference; lastKnownFileType = text.plist.xml; path = Info.plist; sourceTree = "<group>"; };
		EF5E7111EF23CDB9AA160C05 /* Reservation.swift */ = {isa = PBXFileReference; fileEncoding = 4; lastKnownFileType = sourcecode.swift; path = Reservation.swift; sourceTree = "<group>"; };
		EF5E72F6CA25040276DDC485 /* ReservasProtocols.swift */ = {isa = PBXFileReference; fileEncoding = 4; lastKnownFileType = sourcecode.swift; path = ReservasProtocols.swift; sourceTree = "<group>"; };
		EF5E7D55869C8C4FAA44C5F2 /* Hotel.swift */ = {isa = PBXFileReference; fileEncoding = 4; lastKnownFileType = sourcecode.swift; path = Hotel.swift; sourceTree = "<group>"; };
/* End PBXFileReference section */

/* Begin PBXFrameworksBuildPhase section */
		B073C3182531129D005C4689 /* Frameworks */ = {
			isa = PBXFrameworksBuildPhase;
			buildActionMask = 2147483647;
			files = (
			);
			runOnlyForDeploymentPostprocessing = 0;
		};
/* End PBXFrameworksBuildPhase section */

/* Begin PBXGroup section */
		B073C3122531129D005C4689 = {
			isa = PBXGroup;
			children = (
				B073C31D2531129D005C4689 /* ReservaDeHotel */,
				B073C31C2531129D005C4689 /* Products */,
			);
			sourceTree = "<group>";
		};
		B073C31C2531129D005C4689 /* Products */ = {
			isa = PBXGroup;
			children = (
				B073C31B2531129D005C4689 /* ReservaDeHotel.app */,
			);
			name = Products;
			sourceTree = "<group>";
		};
		B073C31D2531129D005C4689 /* ReservaDeHotel */ = {
			isa = PBXGroup;
			children = (
				B073C33825332BAC005C4689 /* Protocols */,
				B073C333253112C4005C4689 /* Hotel */,
				B073C31E2531129D005C4689 /* AppDelegate.swift */,
				B073C3202531129D005C4689 /* SceneDelegate.swift */,
				B073C3222531129D005C4689 /* ViewController.swift */,
				B073C3242531129D005C4689 /* Main.storyboard */,
				B073C327253112A2005C4689 /* Assets.xcassets */,
				B073C329253112A2005C4689 /* LaunchScreen.storyboard */,
				B073C32C253112A2005C4689 /* Info.plist */,
			);
			path = ReservaDeHotel;
			sourceTree = "<group>";
		};
		B073C333253112C4005C4689 /* Hotel */ = {
			isa = PBXGroup;
			children = (
				EF5E7D55869C8C4FAA44C5F2 /* Hotel.swift */,
				EF5E7111EF23CDB9AA160C05 /* Reservation.swift */,
			);
			path = Hotel;
			sourceTree = "<group>";
		};
		B073C33825332BAC005C4689 /* Protocols */ = {
			isa = PBXGroup;
			children = (
				EF5E72F6CA25040276DDC485 /* ReservasProtocols.swift */,
			);
			path = Protocols;
			sourceTree = "<group>";
		};
/* End PBXGroup section */

/* Begin PBXNativeTarget section */
		B073C31A2531129D005C4689 /* ReservaDeHotel */ = {
			isa = PBXNativeTarget;
			buildConfigurationList = B073C32F253112A2005C4689 /* Build configuration list for PBXNativeTarget "ReservaDeHotel" */;
			buildPhases = (
				B073C3172531129D005C4689 /* Sources */,
				B073C3182531129D005C4689 /* Frameworks */,
				B073C3192531129D005C4689 /* Resources */,
			);
			buildRules = (
			);
			dependencies = (
			);
			name = ReservaDeHotel;
			productName = ReservaDeHotel;
			productReference = B073C31B2531129D005C4689 /* ReservaDeHotel.app */;
			productType = "com.apple.product-type.application";
		};
/* End PBXNativeTarget section */

/* Begin PBXProject section */
		B073C3132531129D005C4689 /* Project object */ = {
			isa = PBXProject;
			attributes = {
				LastSwiftUpdateCheck = 1200;
				LastUpgradeCheck = 1200;
				TargetAttributes = {
					B073C31A2531129D005C4689 = {
						CreatedOnToolsVersion = 12.0.1;
					};
				};
			};
			buildConfigurationList = B073C3162531129D005C4689 /* Build configuration list for PBXProject "ReservaDeHotel" */;
			compatibilityVersion = "Xcode 9.3";
			developmentRegion = en;
			hasScannedForEncodings = 0;
			knownRegions = (
				en,
				Base,
			);
			mainGroup = B073C3122531129D005C4689;
			productRefGroup = B073C31C2531129D005C4689 /* Products */;
			projectDirPath = "";
			projectRoot = "";
			targets = (
				B073C31A2531129D005C4689 /* ReservaDeHotel */,
			);
		};
/* End PBXProject section */

/* Begin PBXResourcesBuildPhase section */
		B073C3192531129D005C4689 /* Resources */ = {
			isa = PBXResourcesBuildPhase;
			buildActionMask = 2147483647;
			files = (
				B073C32B253112A2005C4689 /* LaunchScreen.storyboard in Resources */,
				B073C328253112A2005C4689 /* Assets.xcassets in Resources */,
				B073C3262531129D005C4689 /* Main.storyboard in Resources */,
			);
			runOnlyForDeploymentPostprocessing = 0;
		};
/* End PBXResourcesBuildPhase section */

/* Begin PBXSourcesBuildPhase section */
		B073C3172531129D005C4689 /* Sources */ = {
			isa = PBXSourcesBuildPhase;
			buildActionMask = 2147483647;
			files = (
				B073C3232531129D005C4689 /* ViewController.swift in Sources */,
				B073C31F2531129D005C4689 /* AppDelegate.swift in Sources */,
				B073C3212531129D005C4689 /* SceneDelegate.swift in Sources */,
				EF5E759C8BD6B79B5EB8F8D8 /* Hotel.swift in Sources */,
				EF5E7DFA311D611E5ECE0156 /* Reservation.swift in Sources */,
				EF5E75CB681FCDC01C5E8751 /* ReservasProtocols.swift in Sources */,
			);
			runOnlyForDeploymentPostprocessing = 0;
		};
/* End PBXSourcesBuildPhase section */

/* Begin PBXVariantGroup section */
		B073C3242531129D005C4689 /* Main.storyboard */ = {
			isa = PBXVariantGroup;
			children = (
				B073C3252531129D005C4689 /* Base */,
			);
			name = Main.storyboard;
			sourceTree = "<group>";
		};
		B073C329253112A2005C4689 /* LaunchScreen.storyboard */ = {
			isa = PBXVariantGroup;
			children = (
				B073C32A253112A2005C4689 /* Base */,
			);
			name = LaunchScreen.storyboard;
			sourceTree = "<group>";
		};
/* End PBXVariantGroup section */

/* Begin XCBuildConfiguration section */
		B073C32D253112A2005C4689 /* Debug */ = {
			isa = XCBuildConfiguration;
			buildSettings = {
				ALWAYS_SEARCH_USER_PATHS = NO;
				CLANG_ANALYZER_NONNULL = YES;
				CLANG_ANALYZER_NUMBER_OBJECT_CONVERSION = YES_AGGRESSIVE;
				CLANG_CXX_LANGUAGE_STANDARD = "gnu++14";
				CLANG_CXX_LIBRARY = "libc++";
				CLANG_ENABLE_MODULES = YES;
				CLANG_ENABLE_OBJC_ARC = YES;
				CLANG_ENABLE_OBJC_WEAK = YES;
				CLANG_WARN_BLOCK_CAPTURE_AUTORELEASING = YES;
				CLANG_WARN_BOOL_CONVERSION = YES;
				CLANG_WARN_COMMA = YES;
				CLANG_WARN_CONSTANT_CONVERSION = YES;
				CLANG_WARN_DEPRECATED_OBJC_IMPLEMENTATIONS = YES;
				CLANG_WARN_DIRECT_OBJC_ISA_USAGE = YES_ERROR;
				CLANG_WARN_DOCUMENTATION_COMMENTS = YES;
				CLANG_WARN_EMPTY_BODY = YES;
				CLANG_WARN_ENUM_CONVERSION = YES;
				CLANG_WARN_INFINITE_RECURSION = YES;
				CLANG_WARN_INT_CONVERSION = YES;
				CLANG_WARN_NON_LITERAL_NULL_CONVERSION = YES;
				CLANG_WARN_OBJC_IMPLICIT_RETAIN_SELF = YES;
				CLANG_WARN_OBJC_LITERAL_CONVERSION = YES;
				CLANG_WARN_OBJC_ROOT_CLASS = YES_ERROR;
				CLANG_WARN_QUOTED_INCLUDE_IN_FRAMEWORK_HEADER = YES;
				CLANG_WARN_RANGE_LOOP_ANALYSIS = YES;
				CLANG_WARN_STRICT_PROTOTYPES = YES;
				CLANG_WARN_SUSPICIOUS_MOVE = YES;
				CLANG_WARN_UNGUARDED_AVAILABILITY = YES_AGGRESSIVE;
				CLANG_WARN_UNREACHABLE_CODE = YES;
				CLANG_WARN__DUPLICATE_METHOD_MATCH = YES;
				COPY_PHASE_STRIP = NO;
				DEBUG_INFORMATION_FORMAT = dwarf;
				ENABLE_STRICT_OBJC_MSGSEND = YES;
				ENABLE_TESTABILITY = YES;
				GCC_C_LANGUAGE_STANDARD = gnu11;
				GCC_DYNAMIC_NO_PIC = NO;
				GCC_NO_COMMON_BLOCKS = YES;
				GCC_OPTIMIZATION_LEVEL = 0;
				GCC_PREPROCESSOR_DEFINITIONS = (
					"DEBUG=1",
					"$(inherited)",
				);
				GCC_WARN_64_TO_32_BIT_CONVERSION = YES;
				GCC_WARN_ABOUT_RETURN_TYPE = YES_ERROR;
				GCC_WARN_UNDECLARED_SELECTOR = YES;
				GCC_WARN_UNINITIALIZED_AUTOS = YES_AGGRESSIVE;
				GCC_WARN_UNUSED_FUNCTION = YES;
				GCC_WARN_UNUSED_VARIABLE = YES;
				IPHONEOS_DEPLOYMENT_TARGET = 14.0;
				MTL_ENABLE_DEBUG_INFO = INCLUDE_SOURCE;
				MTL_FAST_MATH = YES;
				ONLY_ACTIVE_ARCH = YES;
				SDKROOT = iphoneos;
				SWIFT_ACTIVE_COMPILATION_CONDITIONS = DEBUG;
				SWIFT_OPTIMIZATION_LEVEL = "-Onone";
			};
			name = Debug;
		};
		B073C32E253112A2005C4689 /* Release */ = {
			isa = XCBuildConfiguration;
			buildSettings = {
				ALWAYS_SEARCH_USER_PATHS = NO;
				CLANG_ANALYZER_NONNULL = YES;
				CLANG_ANALYZER_NUMBER_OBJECT_CONVERSION = YES_AGGRESSIVE;
				CLANG_CXX_LANGUAGE_STANDARD = "gnu++14";
				CLANG_CXX_LIBRARY = "libc++";
				CLANG_ENABLE_MODULES = YES;
				CLANG_ENABLE_OBJC_ARC = YES;
				CLANG_ENABLE_OBJC_WEAK = YES;
				CLANG_WARN_BLOCK_CAPTURE_AUTORELEASING = YES;
				CLANG_WARN_BOOL_CONVERSION = YES;
				CLANG_WARN_COMMA = YES;
				CLANG_WARN_CONSTANT_CONVERSION = YES;
				CLANG_WARN_DEPRECATED_OBJC_IMPLEMENTATIONS = YES;
				CLANG_WARN_DIRECT_OBJC_ISA_USAGE = YES_ERROR;
				CLANG_WARN_DOCUMENTATION_COMMENTS = YES;
				CLANG_WARN_EMPTY_BODY = YES;
				CLANG_WARN_ENUM_CONVERSION = YES;
				CLANG_WARN_INFINITE_RECURSION = YES;
				CLANG_WARN_INT_CONVERSION = YES;
				CLANG_WARN_NON_LITERAL_NULL_CONVERSION = YES;
				CLANG_WARN_OBJC_IMPLICIT_RETAIN_SELF = YES;
				CLANG_WARN_OBJC_LITERAL_CONVERSION = YES;
				CLANG_WARN_OBJC_ROOT_CLASS = YES_ERROR;
				CLANG_WARN_QUOTED_INCLUDE_IN_FRAMEWORK_HEADER = YES;
				CLANG_WARN_RANGE_LOOP_ANALYSIS = YES;
				CLANG_WARN_STRICT_PROTOTYPES = YES;
				CLANG_WARN_SUSPICIOUS_MOVE = YES;
				CLANG_WARN_UNGUARDED_AVAILABILITY = YES_AGGRESSIVE;
				CLANG_WARN_UNREACHABLE_CODE = YES;
				CLANG_WARN__DUPLICATE_METHOD_MATCH = YES;
				COPY_PHASE_STRIP = NO;
				DEBUG_INFORMATION_FORMAT = "dwarf-with-dsym";
				ENABLE_NS_ASSERTIONS = NO;
				ENABLE_STRICT_OBJC_MSGSEND = YES;
				GCC_C_LANGUAGE_STANDARD = gnu11;
				GCC_NO_COMMON_BLOCKS = YES;
				GCC_WARN_64_TO_32_BIT_CONVERSION = YES;
				GCC_WARN_ABOUT_RETURN_TYPE = YES_ERROR;
				GCC_WARN_UNDECLARED_SELECTOR = YES;
				GCC_WARN_UNINITIALIZED_AUTOS = YES_AGGRESSIVE;
				GCC_WARN_UNUSED_FUNCTION = YES;
				GCC_WARN_UNUSED_VARIABLE = YES;
				IPHONEOS_DEPLOYMENT_TARGET = 14.0;
				MTL_ENABLE_DEBUG_INFO = NO;
				MTL_FAST_MATH = YES;
				SDKROOT = iphoneos;
				SWIFT_COMPILATION_MODE = wholemodule;
				SWIFT_OPTIMIZATION_LEVEL = "-O";
				VALIDATE_PRODUCT = YES;
			};
			name = Release;
		};
		B073C330253112A2005C4689 /* Debug */ = {
			isa = XCBuildConfiguration;
			buildSettings = {
				ASSETCATALOG_COMPILER_APPICON_NAME = AppIcon;
				ASSETCATALOG_COMPILER_GLOBAL_ACCENT_COLOR_NAME = AccentColor;
				CODE_SIGN_STYLE = Automatic;
				INFOPLIST_FILE = ReservaDeHotel/Info.plist;
				LD_RUNPATH_SEARCH_PATHS = (
					"$(inherited)",
					"@executable_path/Frameworks",
				);
				PRODUCT_BUNDLE_IDENTIFIER = com.macs.ReservaDeHotel;
				PRODUCT_NAME = "$(TARGET_NAME)";
				SWIFT_VERSION = 5.0;
				TARGETED_DEVICE_FAMILY = "1,2";
			};
			name = Debug;
		};
		B073C331253112A2005C4689 /* Release */ = {
			isa = XCBuildConfiguration;
			buildSettings = {
				ASSETCATALOG_COMPILER_APPICON_NAME = AppIcon;
				ASSETCATALOG_COMPILER_GLOBAL_ACCENT_COLOR_NAME = AccentColor;
				CODE_SIGN_STYLE = Automatic;
				INFOPLIST_FILE = ReservaDeHotel/Info.plist;
				LD_RUNPATH_SEARCH_PATHS = (
					"$(inherited)",
					"@executable_path/Frameworks",
				);
				PRODUCT_BUNDLE_IDENTIFIER = com.macs.ReservaDeHotel;
				PRODUCT_NAME = "$(TARGET_NAME)";
				SWIFT_VERSION = 5.0;
				TARGETED_DEVICE_FAMILY = "1,2";
			};
			name = Release;
		};
/* End XCBuildConfiguration section */

/* Begin XCConfigurationList section */
		B073C3162531129D005C4689 /* Build configuration list for PBXProject "ReservaDeHotel" */ = {
			isa = XCConfigurationList;
			buildConfigurations = (
				B073C32D253112A2005C4689 /* Debug */,
				B073C32E253112A2005C4689 /* Release */,
			);
			defaultConfigurationIsVisible = 0;
			defaultConfigurationName = Release;
		};
		B073C32F253112A2005C4689 /* Build configuration list for PBXNativeTarget "ReservaDeHotel" */ = {
			isa = XCConfigurationList;
			buildConfigurations = (
				B073C330253112A2005C4689 /* Debug */,
				B073C331253112A2005C4689 /* Release */,
			);
			defaultConfigurationIsVisible = 0;
			defaultConfigurationName = Release;
		};
/* End XCConfigurationList section */
	};
	rootObject = B073C3132531129D005C4689 /* Project object */;
}
