<?xml version="1.0" encoding="UTF-8"?>
<Scheme
   version = "1.3">
   <BuildAction>
      <BuildActionEntries>
         <BuildActionEntry
            buildForRunning = "YES">
            <BuildableReference
               BuildableIdentifier = "primary"
               BlueprintIdentifier = "B073C31A2531129D005C4689"
               BuildableName = "ReservaDeHotel.app"
               BlueprintName = "ReservaDeHotel"
               ReferencedContainer = "container:ReservaDeHotel.xcodeproj">
            </BuildableReference>
         </BuildActionEntry>
      </BuildActionEntries>
   </BuildAction>
   <LaunchAction
      useCustomWorkingDirectory = "NO"
      buildConfiguration = "Debug"
      allowLocationSimulation = "YES">
      <BuildableProductRunnable>
         <BuildableReference
            BuildableIdentifier = "primary"
            BlueprintIdentifier = "B073C31A2531129D005C4689"
            BuildableName = "ReservaDeHotel.app"
            BlueprintName = "ReservaDeHotel"
            ReferencedContainer = "container:ReservaDeHotel.xcodeproj">
         </BuildableReference>
      </BuildableProductRunnable>
   </LaunchAction>
</Scheme>
