// !$*UTF8*$!
{
	archiveVersion = 1;
	classes = {
	};
	objectVersion = 50;
	objects = {

/* Begin PBXBuildFile section */
		B0319F372514B89A009AB5E4 /* AppDelegate.swift in Sources */ = {isa = PBXBuildFile; fileRef = B0319F362514B89A009AB5E4 /* AppDelegate.swift */; };
		B0319F392514B89A009AB5E4 /* SceneDelegate.swift in Sources */ = {isa = PBXBuildFile; fileRef = B0319F382514B89A009AB5E4 /* SceneDelegate.swift */; };
		B0319F3B2514B89A009AB5E4 /* ViewController.swift in Sources */ = {isa = PBXBuildFile; fileRef = B0319F3A2514B89A009AB5E4 /* ViewController.swift */; };
		B0319F3E2514B89A009AB5E4 /* Main.storyboard in Resources */ = {isa = PBXBuildFile; fileRef = B0319F3C2514B89A009AB5E4 /* Main.storyboard */; };
		B0319F402514B89B009AB5E4 /* Assets.xcassets in Resources */ = {isa = PBXBuildFile; fileRef = B0319F3F2514B89B009AB5E4 /* Assets.xcassets */; };
		B0319F432514B89B009AB5E4 /* LaunchScreen.storyboard in Resources */ = {isa = PBXBuildFile; fileRef = B0319F412514B89B009AB5E4 /* LaunchScreen.storyboard */; };
		B0319F4D2514B8EA009AB5E4 /* Pessoa.swift in Sources */ = {isa = PBXBuildFile; fileRef = B0319F4C2514B8EA009AB5E4 /* Pessoa.swift */; };
		B0319F502514BA59009AB5E4 /* Aluno.swift in Sources */ = {isa = PBXBuildFile; fileRef = B0319F4F2514BA59009AB5E4 /* Aluno.swift */; };
		B0319F532514BC0E009AB5E4 /* Idoso.swift in Sources */ = {isa = PBXBuildFile; fileRef = B0319F522514BC0E009AB5E4 /* Idoso.swift */; };
		B0319F562514BD31009AB5E4 /* LevantarProtocol.swift in Sources */ = {isa = PBXBuildFile; fileRef = B0319F552514BD31009AB5E4 /* LevantarProtocol.swift */; };
		B0319F592514C127009AB5E4 /* SalaDeAula.swift in Sources */ = {isa = PBXBuildFile; fileRef = B0319F582514C127009AB5E4 /* SalaDeAula.swift */; };
/* End PBXBuildFile section */

/* Begin PBXFileReference section */
		B0319F332514B89A009AB5E4 /* ExecicioPessoas.app */ = {isa = PBXFileReference; explicitFileType = wrapper.application; includeInIndex = 0; path = ExecicioPessoas.app; sourceTree = BUILT_PRODUCTS_DIR; };
		B0319F362514B89A009AB5E4 /* AppDelegate.swift */ = {isa = PBXFileReference; lastKnownFileType = sourcecode.swift; path = AppDelegate.swift; sourceTree = "<group>"; };
		B0319F382514B89A009AB5E4 /* SceneDelegate.swift */ = {isa = PBXFileReference; lastKnownFileType = sourcecode.swift; path = SceneDelegate.swift; sourceTree = "<group>"; };
		B0319F3A2514B89A009AB5E4 /* ViewController.swift */ = {isa = PBXFileReference; lastKnownFileType = sourcecode.swift; path = ViewController.swift; sourceTree = "<group>"; };
		B0319F3D2514B89A009AB5E4 /* Base */ = {isa = PBXFileReference; lastKnownFileType = file.storyboard; name = Base; path = Base.lproj/Main.storyboard; sourceTree = "<group>"; };
		B0319F3F2514B89B009AB5E4 /* Assets.xcassets */ = {isa = PBXFileReference; lastKnownFileType = folder.assetcatalog; path = Assets.xcassets; sourceTree = "<group>"; };
		B0319F422514B89B009AB5E4 /* Base */ = {isa = PBXFileReference; lastKnownFileType = file.storyboard; name = Base; path = Base.lproj/LaunchScreen.storyboard; sourceTree = "<group>"; };
		B0319F442514B89B009AB5E4 /* Info.plist */ = {isa = PBXFileReference; lastKnownFileType = text.plist.xml; path = Info.plist; sourceTree = "<group>"; };
		B0319F4C2514B8EA009AB5E4 /* Pessoa.swift */ = {isa = PBXFileReference; lastKnownFileType = sourcecode.swift; path = Pessoa.swift; sourceTree = "<group>"; };
		B0319F4F2514BA59009AB5E4 /* Aluno.swift */ = {isa = PBXFileReference; lastKnownFileType = sourcecode.swift; path = Aluno.swift; sourceTree = "<group>"; };
		B0319F522514BC0E009AB5E4 /* Idoso.swift */ = {isa = PBXFileReference; lastKnownFileType = sourcecode.swift; path = Idoso.swift; sourceTree = "<group>"; };
		B0319F552514BD31009AB5E4 /* LevantarProtocol.swift */ = {isa = PBXFileReference; lastKnownFileType = sourcecode.swift; path = LevantarProtocol.swift; sourceTree = "<group>"; };
		B0319F582514C127009AB5E4 /* SalaDeAula.swift */ = {isa = PBXFileReference; lastKnownFileType = sourcecode.swift; path = SalaDeAula.swift; sourceTree = "<group>"; };
/* End PBXFileReference section */

/* Begin PBXFrameworksBuildPhase section */
		B0319F302514B89A009AB5E4 /* Frameworks */ = {
			isa = PBXFrameworksBuildPhase;
			buildActionMask = 2147483647;
			files = (
			);
			runOnlyForDeploymentPostprocessing = 0;
		};
/* End PBXFrameworksBuildPhase section */

/* Begin PBXGroup section */
		B0319F2A2514B89A009AB5E4 = {
			isa = PBXGroup;
			children = (
				B0319F352514B89A009AB5E4 /* ExecicioPessoas */,
				B0319F342514B89A009AB5E4 /* Products */,
			);
			sourceTree = "<group>";
		};
		B0319F342514B89A009AB5E4 /* Products */ = {
			isa = PBXGroup;
			children = (
				B0319F332514B89A009AB5E4 /* ExecicioPessoas.app */,
			);
			name = Products;
			sourceTree = "<group>";
		};
		B0319F352514B89A009AB5E4 /* ExecicioPessoas */ = {
			isa = PBXGroup;
			children = (
				B0319F362514B89A009AB5E4 /* AppDelegate.swift */,
				B0319F382514B89A009AB5E4 /* SceneDelegate.swift */,
				B0319F3A2514B89A009AB5E4 /* ViewController.swift */,
				B0319F3F2514B89B009AB5E4 /* Assets.xcassets */,
				B0319F3C2514B89A009AB5E4 /* Main.storyboard */,
				B0319F5B2514C298009AB5E4 /* Protocols */,
				B0319F4B2514B8C2009AB5E4 /* Model */,
				B0319F412514B89B009AB5E4 /* LaunchScreen.storyboard */,
				B0319F442514B89B009AB5E4 /* Info.plist */,
			);
			path = ExecicioPessoas;
			sourceTree = "<group>";
		};
		B0319F4B2514B8C2009AB5E4 /* Model */ = {
			isa = PBXGroup;
			children = (
				B0319F4C2514B8EA009AB5E4 /* Pessoa.swift */,
				B0319F4F2514BA59009AB5E4 /* Aluno.swift */,
				B0319F522514BC0E009AB5E4 /* Idoso.swift */,
				B0319F582514C127009AB5E4 /* SalaDeAula.swift */,
			);
			path = Model;
			sourceTree = "<group>";
		};
		B0319F5B2514C298009AB5E4 /* Protocols */ = {
			isa = PBXGroup;
			children = (
				B0319F552514BD31009AB5E4 /* LevantarProtocol.swift */,
			);
			path = Protocols;
			sourceTree = "<group>";
		};
/* End PBXGroup section */

/* Begin PBXNativeTarget section */
		B0319F322514B89A009AB5E4 /* ExecicioPessoas */ = {
			isa = PBXNativeTarget;
			buildConfigurationList = B0319F472514B89B009AB5E4 /* Build configuration list for PBXNativeTarget "ExecicioPessoas" */;
			buildPhases = (
				B0319F2F2514B89A009AB5E4 /* Sources */,
				B0319F302514B89A009AB5E4 /* Frameworks */,
				B0319F312514B89A009AB5E4 /* Resources */,
			);
			buildRules = (
			);
			dependencies = (
			);
			name = ExecicioPessoas;
			productName = ExecicioPessoas;
			productReference = B0319F332514B89A009AB5E4 /* ExecicioPessoas.app */;
			productType = "com.apple.product-type.application";
		};
/* End PBXNativeTarget section */

/* Begin PBXProject section */
		B0319F2B2514B89A009AB5E4 /* Project object */ = {
			isa = PBXProject;
			attributes = {
				LastSwiftUpdateCheck = 1200;
				LastUpgradeCheck = 1200;
				TargetAttributes = {
					B0319F322514B89A009AB5E4 = {
						CreatedOnToolsVersion = 12.0;
					};
				};
			};
			buildConfigurationList = B0319F2E2514B89A009AB5E4 /* Build configuration list for PBXProject "ExecicioPessoas" */;
			compatibilityVersion = "Xcode 9.3";
			developmentRegion = en;
			hasScannedForEncodings = 0;
			knownRegions = (
				en,
				Base,
			);
			mainGroup = B0319F2A2514B89A009AB5E4;
			productRefGroup = B0319F342514B89A009AB5E4 /* Products */;
			projectDirPath = "";
			projectRoot = "";
			targets = (
				B0319F322514B89A009AB5E4 /* ExecicioPessoas */,
			);
		};
/* End PBXProject section */

/* Begin PBXResourcesBuildPhase section */
		B0319F312514B89A009AB5E4 /* Resources */ = {
			isa = PBXResourcesBuildPhase;
			buildActionMask = 2147483647;
			files = (
				B0319F432514B89B009AB5E4 /* LaunchScreen.storyboard in Resources */,
				B0319F402514B89B009AB5E4 /* Assets.xcassets in Resources */,
				B0319F3E2514B89A009AB5E4 /* Main.storyboard in Resources */,
			);
			runOnlyForDeploymentPostprocessing = 0;
		};
/* End PBXResourcesBuildPhase section */

/* Begin PBXSourcesBuildPhase section */
		B0319F2F2514B89A009AB5E4 /* Sources */ = {
			isa = PBXSourcesBuildPhase;
			buildActionMask = 2147483647;
			files = (
				B0319F592514C127009AB5E4 /* SalaDeAula.swift in Sources */,
				B0319F562514BD31009AB5E4 /* LevantarProtocol.swift in Sources */,
				B0319F3B2514B89A009AB5E4 /* ViewController.swift in Sources */,
				B0319F502514BA59009AB5E4 /* Aluno.swift in Sources */,
				B0319F532514BC0E009AB5E4 /* Idoso.swift in Sources */,
				B0319F372514B89A009AB5E4 /* AppDelegate.swift in Sources */,
				B0319F4D2514B8EA009AB5E4 /* Pessoa.swift in Sources */,
				B0319F392514B89A009AB5E4 /* SceneDelegate.swift in Sources */,
			);
			runOnlyForDeploymentPostprocessing = 0;
		};
/* End PBXSourcesBuildPhase section */

/* Begin PBXVariantGroup section */
		B0319F3C2514B89A009AB5E4 /* Main.storyboard */ = {
			isa = PBXVariantGroup;
			children = (
				B0319F3D2514B89A009AB5E4 /* Base */,
			);
			name = Main.storyboard;
			sourceTree = "<group>";
		};
		B0319F412514B89B009AB5E4 /* LaunchScreen.storyboard */ = {
			isa = PBXVariantGroup;
			children = (
				B0319F422514B89B009AB5E4 /* Base */,
			);
			name = LaunchScreen.storyboard;
			sourceTree = "<group>";
		};
/* End PBXVariantGroup section */

/* Begin XCBuildConfiguration section */
		B0319F452514B89B009AB5E4 /* Debug */ = {
			isa = XCBuildConfiguration;
			buildSettings = {
				ALWAYS_SEARCH_USER_PATHS = NO;
				CLANG_ANALYZER_NONNULL = YES;
				CLANG_ANALYZER_NUMBER_OBJECT_CONVERSION = YES_AGGRESSIVE;
				CLANG_CXX_LANGUAGE_STANDARD = "gnu++14";
				CLANG_CXX_LIBRARY = "libc++";
				CLANG_ENABLE_MODULES = YES;
				CLANG_ENABLE_OBJC_ARC = YES;
				CLANG_ENABLE_OBJC_WEAK = YES;
				CLANG_WARN_BLOCK_CAPTURE_AUTORELEASING = YES;
				CLANG_WARN_BOOL_CONVERSION = YES;
				CLANG_WARN_COMMA = YES;
				CLANG_WARN_CONSTANT_CONVERSION = YES;
				CLANG_WARN_DEPRECATED_OBJC_IMPLEMENTATIONS = YES;
				CLANG_WARN_DIRECT_OBJC_ISA_USAGE = YES_ERROR;
				CLANG_WARN_DOCUMENTATION_COMMENTS = YES;
				CLANG_WARN_EMPTY_BODY = YES;
				CLANG_WARN_ENUM_CONVERSION = YES;
				CLANG_WARN_INFINITE_RECURSION = YES;
				CLANG_WARN_INT_CONVERSION = YES;
				CLANG_WARN_NON_LITERAL_NULL_CONVERSION = YES;
				CLANG_WARN_OBJC_IMPLICIT_RETAIN_SELF = YES;
				CLANG_WARN_OBJC_LITERAL_CONVERSION = YES;
				CLANG_WARN_OBJC_ROOT_CLASS = YES_ERROR;
				CLANG_WARN_QUOTED_INCLUDE_IN_FRAMEWORK_HEADER = YES;
				CLANG_WARN_RANGE_LOOP_ANALYSIS = YES;
				CLANG_WARN_STRICT_PROTOTYPES = YES;
				CLANG_WARN_SUSPICIOUS_MOVE = YES;
				CLANG_WARN_UNGUARDED_AVAILABILITY = YES_AGGRESSIVE;
				CLANG_WARN_UNREACHABLE_CODE = YES;
				CLANG_WARN__DUPLICATE_METHOD_MATCH = YES;
				COPY_PHASE_STRIP = NO;
				DEBUG_INFORMATION_FORMAT = dwarf;
				ENABLE_STRICT_OBJC_MSGSEND = YES;
				ENABLE_TESTABILITY = YES;
				GCC_C_LANGUAGE_STANDARD = gnu11;
				GCC_DYNAMIC_NO_PIC = NO;
				GCC_NO_COMMON_BLOCKS = YES;
				GCC_OPTIMIZATION_LEVEL = 0;
				GCC_PREPROCESSOR_DEFINITIONS = (
					"DEBUG=1",
					"$(inherited)",
				);
				GCC_WARN_64_TO_32_BIT_CONVERSION = YES;
				GCC_WARN_ABOUT_RETURN_TYPE = YES_ERROR;
				GCC_WARN_UNDECLARED_SELECTOR = YES;
				GCC_WARN_UNINITIALIZED_AUTOS = YES_AGGRESSIVE;
				GCC_WARN_UNUSED_FUNCTION = YES;
				GCC_WARN_UNUSED_VARIABLE = YES;
				IPHONEOS_DEPLOYMENT_TARGET = 14.0;
				MTL_ENABLE_DEBUG_INFO = INCLUDE_SOURCE;
				MTL_FAST_MATH = YES;
				ONLY_ACTIVE_ARCH = YES;
				SDKROOT = iphoneos;
				SWIFT_ACTIVE_COMPILATION_CONDITIONS = DEBUG;
				SWIFT_OPTIMIZATION_LEVEL = "-Onone";
			};
			name = Debug;
		};
		B0319F462514B89B009AB5E4 /* Release */ = {
			isa = XCBuildConfiguration;
			buildSettings = {
				ALWAYS_SEARCH_USER_PATHS = NO;
				CLANG_ANALYZER_NONNULL = YES;
				CLANG_ANALYZER_NUMBER_OBJECT_CONVERSION = YES_AGGRESSIVE;
				CLANG_CXX_LANGUAGE_STANDARD = "gnu++14";
				CLANG_CXX_LIBRARY = "libc++";
				CLANG_ENABLE_MODULES = YES;
				CLANG_ENABLE_OBJC_ARC = YES;
				CLANG_ENABLE_OBJC_WEAK = YES;
				CLANG_WARN_BLOCK_CAPTURE_AUTORELEASING = YES;
				CLANG_WARN_BOOL_CONVERSION = YES;
				CLANG_WARN_COMMA = YES;
				CLANG_WARN_CONSTANT_CONVERSION = YES;
				CLANG_WARN_DEPRECATED_OBJC_IMPLEMENTATIONS = YES;
				CLANG_WARN_DIRECT_OBJC_ISA_USAGE = YES_ERROR;
				CLANG_WARN_DOCUMENTATION_COMMENTS = YES;
				CLANG_WARN_EMPTY_BODY = YES;
				CLANG_WARN_ENUM_CONVERSION = YES;
				CLANG_WARN_INFINITE_RECURSION = YES;
				CLANG_WARN_INT_CONVERSION = YES;
				CLANG_WARN_NON_LITERAL_NULL_CONVERSION = YES;
				CLANG_WARN_OBJC_IMPLICIT_RETAIN_SELF = YES;
				CLANG_WARN_OBJC_LITERAL_CONVERSION = YES;
				CLANG_WARN_OBJC_ROOT_CLASS = YES_ERROR;
				CLANG_WARN_QUOTED_INCLUDE_IN_FRAMEWORK_HEADER = YES;
				CLANG_WARN_RANGE_LOOP_ANALYSIS = YES;
				CLANG_WARN_STRICT_PROTOTYPES = YES;
				CLANG_WARN_SUSPICIOUS_MOVE = YES;
				CLANG_WARN_UNGUARDED_AVAILABILITY = YES_AGGRESSIVE;
				CLANG_WARN_UNREACHABLE_CODE = YES;
				CLANG_WARN__DUPLICATE_METHOD_MATCH = YES;
				COPY_PHASE_STRIP = NO;
				DEBUG_INFORMATION_FORMAT = "dwarf-with-dsym";
				ENABLE_NS_ASSERTIONS = NO;
				ENABLE_STRICT_OBJC_MSGSEND = YES;
				GCC_C_LANGUAGE_STANDARD = gnu11;
				GCC_NO_COMMON_BLOCKS = YES;
				GCC_WARN_64_TO_32_BIT_CONVERSION = YES;
				GCC_WARN_ABOUT_RETURN_TYPE = YES_ERROR;
				GCC_WARN_UNDECLARED_SELECTOR = YES;
				GCC_WARN_UNINITIALIZED_AUTOS = YES_AGGRESSIVE;
				GCC_WARN_UNUSED_FUNCTION = YES;
				GCC_WARN_UNUSED_VARIABLE = YES;
				IPHONEOS_DEPLOYMENT_TARGET = 14.0;
				MTL_ENABLE_DEBUG_INFO = NO;
				MTL_FAST_MATH = YES;
				SDKROOT = iphoneos;
				SWIFT_COMPILATION_MODE = wholemodule;
				SWIFT_OPTIMIZATION_LEVEL = "-O";
				VALIDATE_PRODUCT = YES;
			};
			name = Release;
		};
		B0319F482514B89B009AB5E4 /* Debug */ = {
			isa = XCBuildConfiguration;
			buildSettings = {
				ASSETCATALOG_COMPILER_APPICON_NAME = AppIcon;
				ASSETCATALOG_COMPILER_GLOBAL_ACCENT_COLOR_NAME = AccentColor;
				CODE_SIGN_STYLE = Automatic;
				INFOPLIST_FILE = ExecicioPessoas/Info.plist;
				LD_RUNPATH_SEARCH_PATHS = (
					"$(inherited)",
					"@executable_path/Frameworks",
				);
				PRODUCT_BUNDLE_IDENTIFIER = macs.com.ExecicioPessoas;
				PRODUCT_NAME = "$(TARGET_NAME)";
				SWIFT_VERSION = 5.0;
				TARGETED_DEVICE_FAMILY = "1,2";
			};
			name = Debug;
		};
		B0319F492514B89B009AB5E4 /* Release */ = {
			isa = XCBuildConfiguration;
			buildSettings = {
				ASSETCATALOG_COMPILER_APPICON_NAME = AppIcon;
				ASSETCATALOG_COMPILER_GLOBAL_ACCENT_COLOR_NAME = AccentColor;
				CODE_SIGN_STYLE = Automatic;
				INFOPLIST_FILE = ExecicioPessoas/Info.plist;
				LD_RUNPATH_SEARCH_PATHS = (
					"$(inherited)",
					"@executable_path/Frameworks",
				);
				PRODUCT_BUNDLE_IDENTIFIER = macs.com.ExecicioPessoas;
				PRODUCT_NAME = "$(TARGET_NAME)";
				SWIFT_VERSION = 5.0;
				TARGETED_DEVICE_FAMILY = "1,2";
			};
			name = Release;
		};
/* End XCBuildConfiguration section */

/* Begin XCConfigurationList section */
		B0319F2E2514B89A009AB5E4 /* Build configuration list for PBXProject "ExecicioPessoas" */ = {
			isa = XCConfigurationList;
			buildConfigurations = (
				B0319F452514B89B009AB5E4 /* Debug */,
				B0319F462514B89B009AB5E4 /* Release */,
			);
			defaultConfigurationIsVisible = 0;
			defaultConfigurationName = Release;
		};
		B0319F472514B89B009AB5E4 /* Build configuration list for PBXNativeTarget "ExecicioPessoas" */ = {
			isa = XCConfigurationList;
			buildConfigurations = (
				B0319F482514B89B009AB5E4 /* Debug */,
				B0319F492514B89B009AB5E4 /* Release */,
			);
			defaultConfigurationIsVisible = 0;
			defaultConfigurationName = Release;
		};
/* End XCConfigurationList section */
	};
	rootObject = B0319F2B2514B89A009AB5E4 /* Project object */;
}
